// !$*UTF8*$!
{
	archiveVersion = 1;
	classes = {
	};
	objectVersion = 50;
	objects = {

/* Begin PBXBuildFile section */
		8B4B074526A90BBC0002964F /* AppDelegate.swift in Sources */ = {isa = PBXBuildFile; fileRef = 8B4B074426A90BBC0002964F /* AppDelegate.swift */; };
		8B4B074726A90BBC0002964F /* SceneDelegate.swift in Sources */ = {isa = PBXBuildFile; fileRef = 8B4B074626A90BBC0002964F /* SceneDelegate.swift */; };
		8B4B074C26A90BBC0002964F /* Main.storyboard in Resources */ = {isa = PBXBuildFile; fileRef = 8B4B074A26A90BBC0002964F /* Main.storyboard */; };
		8B4B074F26A90BBC0002964F /* Image_Machine.xcdatamodeld in Sources */ = {isa = PBXBuildFile; fileRef = 8B4B074D26A90BBC0002964F /* Image_Machine.xcdatamodeld */; };
		8B4B075126A90BBD0002964F /* Assets.xcassets in Resources */ = {isa = PBXBuildFile; fileRef = 8B4B075026A90BBD0002964F /* Assets.xcassets */; };
		8B4B075426A90BBD0002964F /* LaunchScreen.storyboard in Resources */ = {isa = PBXBuildFile; fileRef = 8B4B075226A90BBD0002964F /* LaunchScreen.storyboard */; };
		8B4B075C26A90CC90002964F /* README.md in Resources */ = {isa = PBXBuildFile; fileRef = 8B4B075B26A90CC90002964F /* README.md */; };
		8B4B075E26A912F30002964F /* MachineDataVC.swift in Sources */ = {isa = PBXBuildFile; fileRef = 8B4B075D26A912F30002964F /* MachineDataVC.swift */; };
		8B4B076026A913010002964F /* CodeReaderVC.swift in Sources */ = {isa = PBXBuildFile; fileRef = 8B4B075F26A913010002964F /* CodeReaderVC.swift */; };
		8B4B076626A91B590002964F /* AddMachineDataBtn.swift in Sources */ = {isa = PBXBuildFile; fileRef = 8B4B076526A91B590002964F /* AddMachineDataBtn.swift */; };
		8B4B076926A91B910002964F /* UIColor.swift in Sources */ = {isa = PBXBuildFile; fileRef = 8B4B076826A91B910002964F /* UIColor.swift */; };
		8B4B077426A92D640002964F /* UIViewController.swift in Sources */ = {isa = PBXBuildFile; fileRef = 8B4B077326A92D640002964F /* UIViewController.swift */; };
		8B4B077626A932D40002964F /* UITextField.swift in Sources */ = {isa = PBXBuildFile; fileRef = 8B4B077526A932D40002964F /* UITextField.swift */; };
/* End PBXBuildFile section */

/* Begin PBXFileReference section */
		8B4B074126A90BBC0002964F /* Image Machine.app */ = {isa = PBXFileReference; explicitFileType = wrapper.application; includeInIndex = 0; path = "Image Machine.app"; sourceTree = BUILT_PRODUCTS_DIR; };
		8B4B074426A90BBC0002964F /* AppDelegate.swift */ = {isa = PBXFileReference; lastKnownFileType = sourcecode.swift; path = AppDelegate.swift; sourceTree = "<group>"; };
		8B4B074626A90BBC0002964F /* SceneDelegate.swift */ = {isa = PBXFileReference; lastKnownFileType = sourcecode.swift; path = SceneDelegate.swift; sourceTree = "<group>"; };
		8B4B074B26A90BBC0002964F /* Base */ = {isa = PBXFileReference; lastKnownFileType = file.storyboard; name = Base; path = Base.lproj/Main.storyboard; sourceTree = "<group>"; };
		8B4B074E26A90BBC0002964F /* Image_Machine.xcdatamodel */ = {isa = PBXFileReference; lastKnownFileType = wrapper.xcdatamodel; path = Image_Machine.xcdatamodel; sourceTree = "<group>"; };
		8B4B075026A90BBD0002964F /* Assets.xcassets */ = {isa = PBXFileReference; lastKnownFileType = folder.assetcatalog; path = Assets.xcassets; sourceTree = "<group>"; };
		8B4B075326A90BBD0002964F /* Base */ = {isa = PBXFileReference; lastKnownFileType = file.storyboard; name = Base; path = Base.lproj/LaunchScreen.storyboard; sourceTree = "<group>"; };
		8B4B075526A90BBD0002964F /* Info.plist */ = {isa = PBXFileReference; lastKnownFileType = text.plist.xml; path = Info.plist; sourceTree = "<group>"; };
		8B4B075B26A90CC90002964F /* README.md */ = {isa = PBXFileReference; fileEncoding = 4; lastKnownFileType = net.daringfireball.markdown; path = README.md; sourceTree = "<group>"; };
		8B4B075D26A912F30002964F /* MachineDataVC.swift */ = {isa = PBXFileReference; lastKnownFileType = sourcecode.swift; path = MachineDataVC.swift; sourceTree = "<group>"; };
		8B4B075F26A913010002964F /* CodeReaderVC.swift */ = {isa = PBXFileReference; lastKnownFileType = sourcecode.swift; path = CodeReaderVC.swift; sourceTree = "<group>"; };
		8B4B076526A91B590002964F /* AddMachineDataBtn.swift */ = {isa = PBXFileReference; lastKnownFileType = sourcecode.swift; path = AddMachineDataBtn.swift; sourceTree = "<group>"; };
		8B4B076826A91B910002964F /* UIColor.swift */ = {isa = PBXFileReference; lastKnownFileType = sourcecode.swift; path = UIColor.swift; sourceTree = "<group>"; };
		8B4B077326A92D640002964F /* UIViewController.swift */ = {isa = PBXFileReference; lastKnownFileType = sourcecode.swift; path = UIViewController.swift; sourceTree = "<group>"; };
		8B4B077526A932D40002964F /* UITextField.swift */ = {isa = PBXFileReference; lastKnownFileType = sourcecode.swift; path = UITextField.swift; sourceTree = "<group>"; };
/* End PBXFileReference section */

/* Begin PBXFrameworksBuildPhase section */
		8B4B073E26A90BBC0002964F /* Frameworks */ = {
			isa = PBXFrameworksBuildPhase;
			buildActionMask = 2147483647;
			files = (
			);
			runOnlyForDeploymentPostprocessing = 0;
		};
/* End PBXFrameworksBuildPhase section */

/* Begin PBXGroup section */
		8B4B073826A90BBC0002964F = {
			isa = PBXGroup;
			children = (
				8B4B075B26A90CC90002964F /* README.md */,
				8B4B074326A90BBC0002964F /* Image Machine */,
				8B4B074226A90BBC0002964F /* Products */,
			);
			sourceTree = "<group>";
		};
		8B4B074226A90BBC0002964F /* Products */ = {
			isa = PBXGroup;
			children = (
				8B4B074126A90BBC0002964F /* Image Machine.app */,
			);
			name = Products;
			sourceTree = "<group>";
		};
		8B4B074326A90BBC0002964F /* Image Machine */ = {
			isa = PBXGroup;
			children = (
				8B4B076A26A922D30002964F /* Utility */,
				8B4B076726A91B7F0002964F /* Extensions */,
				8B4B076126A913870002964F /* Support */,
				8B4B076426A913DE0002964F /* Resource */,
				8B4B076226A913C70002964F /* Model */,
				8B4B076326A913CD0002964F /* View */,
			);
			path = "Image Machine";
			sourceTree = "<group>";
		};
		8B4B076126A913870002964F /* Support */ = {
			isa = PBXGroup;
			children = (
				8B4B074426A90BBC0002964F /* AppDelegate.swift */,
				8B4B074626A90BBC0002964F /* SceneDelegate.swift */,
				8B4B075226A90BBD0002964F /* LaunchScreen.storyboard */,
				8B4B075526A90BBD0002964F /* Info.plist */,
			);
			path = Support;
			sourceTree = "<group>";
		};
		8B4B076226A913C70002964F /* Model */ = {
			isa = PBXGroup;
			children = (
				8B4B074D26A90BBC0002964F /* Image_Machine.xcdatamodeld */,
			);
			path = Model;
			sourceTree = "<group>";
		};
		8B4B076326A913CD0002964F /* View */ = {
			isa = PBXGroup;
			children = (
				8B4B074A26A90BBC0002964F /* Main.storyboard */,
				8B4B075D26A912F30002964F /* MachineDataVC.swift */,
				8B4B075F26A913010002964F /* CodeReaderVC.swift */,
				8B4B076526A91B590002964F /* AddMachineDataBtn.swift */,
			);
			path = View;
			sourceTree = "<group>";
		};
		8B4B076426A913DE0002964F /* Resource */ = {
			isa = PBXGroup;
			children = (
				8B4B075026A90BBD0002964F /* Assets.xcassets */,
			);
			path = Resource;
			sourceTree = "<group>";
		};
		8B4B076726A91B7F0002964F /* Extensions */ = {
			isa = PBXGroup;
			children = (
				8B4B076826A91B910002964F /* UIColor.swift */,
				8B4B077326A92D640002964F /* UIViewController.swift */,
				8B4B077526A932D40002964F /* UITextField.swift */,
			);
			path = Extensions;
			sourceTree = "<group>";
		};
		8B4B076A26A922D30002964F /* Utility */ = {
			isa = PBXGroup;
			children = (
			);
			path = Utility;
			sourceTree = "<group>";
		};
/* End PBXGroup section */

/* Begin PBXNativeTarget section */
		8B4B074026A90BBC0002964F /* Image Machine */ = {
			isa = PBXNativeTarget;
			buildConfigurationList = 8B4B075826A90BBD0002964F /* Build configuration list for PBXNativeTarget "Image Machine" */;
			buildPhases = (
				8B4B073D26A90BBC0002964F /* Sources */,
				8B4B073E26A90BBC0002964F /* Frameworks */,
				8B4B073F26A90BBC0002964F /* Resources */,
			);
			buildRules = (
			);
			dependencies = (
			);
			name = "Image Machine";
			productName = "Image Machine";
			productReference = 8B4B074126A90BBC0002964F /* Image Machine.app */;
			productType = "com.apple.product-type.application";
		};
/* End PBXNativeTarget section */

/* Begin PBXProject section */
		8B4B073926A90BBC0002964F /* Project object */ = {
			isa = PBXProject;
			attributes = {
				LastSwiftUpdateCheck = 1250;
				LastUpgradeCheck = 1250;
				TargetAttributes = {
					8B4B074026A90BBC0002964F = {
						CreatedOnToolsVersion = 12.5.1;
					};
				};
			};
			buildConfigurationList = 8B4B073C26A90BBC0002964F /* Build configuration list for PBXProject "Image Machine" */;
			compatibilityVersion = "Xcode 9.3";
			developmentRegion = en;
			hasScannedForEncodings = 0;
			knownRegions = (
				en,
				Base,
			);
			mainGroup = 8B4B073826A90BBC0002964F;
			productRefGroup = 8B4B074226A90BBC0002964F /* Products */;
			projectDirPath = "";
			projectRoot = "";
			targets = (
				8B4B074026A90BBC0002964F /* Image Machine */,
			);
		};
/* End PBXProject section */

/* Begin PBXResourcesBuildPhase section */
		8B4B073F26A90BBC0002964F /* Resources */ = {
			isa = PBXResourcesBuildPhase;
			buildActionMask = 2147483647;
			files = (
				8B4B075426A90BBD0002964F /* LaunchScreen.storyboard in Resources */,
				8B4B075126A90BBD0002964F /* Assets.xcassets in Resources */,
				8B4B075C26A90CC90002964F /* README.md in Resources */,
				8B4B074C26A90BBC0002964F /* Main.storyboard in Resources */,
			);
			runOnlyForDeploymentPostprocessing = 0;
		};
/* End PBXResourcesBuildPhase section */

/* Begin PBXSourcesBuildPhase section */
		8B4B073D26A90BBC0002964F /* Sources */ = {
			isa = PBXSourcesBuildPhase;
			buildActionMask = 2147483647;
			files = (
				8B4B074F26A90BBC0002964F /* Image_Machine.xcdatamodeld in Sources */,
				8B4B076926A91B910002964F /* UIColor.swift in Sources */,
				8B4B077626A932D40002964F /* UITextField.swift in Sources */,
				8B4B074526A90BBC0002964F /* AppDelegate.swift in Sources */,
				8B4B077426A92D640002964F /* UIViewController.swift in Sources */,
				8B4B076626A91B590002964F /* AddMachineDataBtn.swift in Sources */,
				8B4B075E26A912F30002964F /* MachineDataVC.swift in Sources */,
				8B4B076026A913010002964F /* CodeReaderVC.swift in Sources */,
				8B4B074726A90BBC0002964F /* SceneDelegate.swift in Sources */,
			);
			runOnlyForDeploymentPostprocessing = 0;
		};
/* End PBXSourcesBuildPhase section */

/* Begin PBXVariantGroup section */
		8B4B074A26A90BBC0002964F /* Main.storyboard */ = {
			isa = PBXVariantGroup;
			children = (
				8B4B074B26A90BBC0002964F /* Base */,
			);
			name = Main.storyboard;
			sourceTree = "<group>";
		};
		8B4B075226A90BBD0002964F /* LaunchScreen.storyboard */ = {
			isa = PBXVariantGroup;
			children = (
				8B4B075326A90BBD0002964F /* Base */,
			);
			name = LaunchScreen.storyboard;
			sourceTree = "<group>";
		};
/* End PBXVariantGroup section */

/* Begin XCBuildConfiguration section */
		8B4B075626A90BBD0002964F /* Debug */ = {
			isa = XCBuildConfiguration;
			buildSettings = {
				ALWAYS_SEARCH_USER_PATHS = NO;
				CLANG_ANALYZER_NONNULL = YES;
				CLANG_ANALYZER_NUMBER_OBJECT_CONVERSION = YES_AGGRESSIVE;
				CLANG_CXX_LANGUAGE_STANDARD = "gnu++14";
				CLANG_CXX_LIBRARY = "libc++";
				CLANG_ENABLE_MODULES = YES;
				CLANG_ENABLE_OBJC_ARC = YES;
				CLANG_ENABLE_OBJC_WEAK = YES;
				CLANG_WARN_BLOCK_CAPTURE_AUTORELEASING = YES;
				CLANG_WARN_BOOL_CONVERSION = YES;
				CLANG_WARN_COMMA = YES;
				CLANG_WARN_CONSTANT_CONVERSION = YES;
				CLANG_WARN_DEPRECATED_OBJC_IMPLEMENTATIONS = YES;
				CLANG_WARN_DIRECT_OBJC_ISA_USAGE = YES_ERROR;
				CLANG_WARN_DOCUMENTATION_COMMENTS = YES;
				CLANG_WARN_EMPTY_BODY = YES;
				CLANG_WARN_ENUM_CONVERSION = YES;
				CLANG_WARN_INFINITE_RECURSION = YES;
				CLANG_WARN_INT_CONVERSION = YES;
				CLANG_WARN_NON_LITERAL_NULL_CONVERSION = YES;
				CLANG_WARN_OBJC_IMPLICIT_RETAIN_SELF = YES;
				CLANG_WARN_OBJC_LITERAL_CONVERSION = YES;
				CLANG_WARN_OBJC_ROOT_CLASS = YES_ERROR;
				CLANG_WARN_QUOTED_INCLUDE_IN_FRAMEWORK_HEADER = YES;
				CLANG_WARN_RANGE_LOOP_ANALYSIS = YES;
				CLANG_WARN_STRICT_PROTOTYPES = YES;
				CLANG_WARN_SUSPICIOUS_MOVE = YES;
				CLANG_WARN_UNGUARDED_AVAILABILITY = YES_AGGRESSIVE;
				CLANG_WARN_UNREACHABLE_CODE = YES;
				CLANG_WARN__DUPLICATE_METHOD_MATCH = YES;
				COPY_PHASE_STRIP = NO;
				DEBUG_INFORMATION_FORMAT = dwarf;
				ENABLE_STRICT_OBJC_MSGSEND = YES;
				ENABLE_TESTABILITY = YES;
				GCC_C_LANGUAGE_STANDARD = gnu11;
				GCC_DYNAMIC_NO_PIC = NO;
				GCC_NO_COMMON_BLOCKS = YES;
				GCC_OPTIMIZATION_LEVEL = 0;
				GCC_PREPROCESSOR_DEFINITIONS = (
					"DEBUG=1",
					"$(inherited)",
				);
				GCC_WARN_64_TO_32_BIT_CONVERSION = YES;
				GCC_WARN_ABOUT_RETURN_TYPE = YES_ERROR;
				GCC_WARN_UNDECLARED_SELECTOR = YES;
				GCC_WARN_UNINITIALIZED_AUTOS = YES_AGGRESSIVE;
				GCC_WARN_UNUSED_FUNCTION = YES;
				GCC_WARN_UNUSED_VARIABLE = YES;
				IPHONEOS_DEPLOYMENT_TARGET = 13.0;
				MTL_ENABLE_DEBUG_INFO = INCLUDE_SOURCE;
				MTL_FAST_MATH = YES;
				ONLY_ACTIVE_ARCH = YES;
				SDKROOT = iphoneos;
				SWIFT_ACTIVE_COMPILATION_CONDITIONS = DEBUG;
				SWIFT_OPTIMIZATION_LEVEL = "-Onone";
			};
			name = Debug;
		};
		8B4B075726A90BBD0002964F /* Release */ = {
			isa = XCBuildConfiguration;
			buildSettings = {
				ALWAYS_SEARCH_USER_PATHS = NO;
				CLANG_ANALYZER_NONNULL = YES;
				CLANG_ANALYZER_NUMBER_OBJECT_CONVERSION = YES_AGGRESSIVE;
				CLANG_CXX_LANGUAGE_STANDARD = "gnu++14";
				CLANG_CXX_LIBRARY = "libc++";
				CLANG_ENABLE_MODULES = YES;
				CLANG_ENABLE_OBJC_ARC = YES;
				CLANG_ENABLE_OBJC_WEAK = YES;
				CLANG_WARN_BLOCK_CAPTURE_AUTORELEASING = YES;
				CLANG_WARN_BOOL_CONVERSION = YES;
				CLANG_WARN_COMMA = YES;
				CLANG_WARN_CONSTANT_CONVERSION = YES;
				CLANG_WARN_DEPRECATED_OBJC_IMPLEMENTATIONS = YES;
				CLANG_WARN_DIRECT_OBJC_ISA_USAGE = YES_ERROR;
				CLANG_WARN_DOCUMENTATION_COMMENTS = YES;
				CLANG_WARN_EMPTY_BODY = YES;
				CLANG_WARN_ENUM_CONVERSION = YES;
				CLANG_WARN_INFINITE_RECURSION = YES;
				CLANG_WARN_INT_CONVERSION = YES;
				CLANG_WARN_NON_LITERAL_NULL_CONVERSION = YES;
				CLANG_WARN_OBJC_IMPLICIT_RETAIN_SELF = YES;
				CLANG_WARN_OBJC_LITERAL_CONVERSION = YES;
				CLANG_WARN_OBJC_ROOT_CLASS = YES_ERROR;
				CLANG_WARN_QUOTED_INCLUDE_IN_FRAMEWORK_HEADER = YES;
				CLANG_WARN_RANGE_LOOP_ANALYSIS = YES;
				CLANG_WARN_STRICT_PROTOTYPES = YES;
				CLANG_WARN_SUSPICIOUS_MOVE = YES;
				CLANG_WARN_UNGUARDED_AVAILABILITY = YES_AGGRESSIVE;
				CLANG_WARN_UNREACHABLE_CODE = YES;
				CLANG_WARN__DUPLICATE_METHOD_MATCH = YES;
				COPY_PHASE_STRIP = NO;
				DEBUG_INFORMATION_FORMAT = "dwarf-with-dsym";
				ENABLE_NS_ASSERTIONS = NO;
				ENABLE_STRICT_OBJC_MSGSEND = YES;
				GCC_C_LANGUAGE_STANDARD = gnu11;
				GCC_NO_COMMON_BLOCKS = YES;
				GCC_WARN_64_TO_32_BIT_CONVERSION = YES;
				GCC_WARN_ABOUT_RETURN_TYPE = YES_ERROR;
				GCC_WARN_UNDECLARED_SELECTOR = YES;
				GCC_WARN_UNINITIALIZED_AUTOS = YES_AGGRESSIVE;
				GCC_WARN_UNUSED_FUNCTION = YES;
				GCC_WARN_UNUSED_VARIABLE = YES;
				IPHONEOS_DEPLOYMENT_TARGET = 13.0;
				MTL_ENABLE_DEBUG_INFO = NO;
				MTL_FAST_MATH = YES;
				SDKROOT = iphoneos;
				SWIFT_COMPILATION_MODE = wholemodule;
				SWIFT_OPTIMIZATION_LEVEL = "-O";
				VALIDATE_PRODUCT = YES;
			};
			name = Release;
		};
		8B4B075926A90BBD0002964F /* Debug */ = {
			isa = XCBuildConfiguration;
			buildSettings = {
				ASSETCATALOG_COMPILER_APPICON_NAME = AppIcon;
				ASSETCATALOG_COMPILER_GLOBAL_ACCENT_COLOR_NAME = AccentColor;
				CODE_SIGN_STYLE = Automatic;
				DEVELOPMENT_TEAM = MW3338A45T;
				INFOPLIST_FILE = "Image Machine/Support/Info.plist";
				IPHONEOS_DEPLOYMENT_TARGET = 11.0;
				LD_RUNPATH_SEARCH_PATHS = (
					"$(inherited)",
					"@executable_path/Frameworks",
				);
				PRODUCT_BUNDLE_IDENTIFIER = "com.mauldyPutra.Image-Machine";
				PRODUCT_NAME = "$(TARGET_NAME)";
				SWIFT_VERSION = 5.0;
				TARGETED_DEVICE_FAMILY = "1,2";
			};
			name = Debug;
		};
		8B4B075A26A90BBD0002964F /* Release */ = {
			isa = XCBuildConfiguration;
			buildSettings = {
				ASSETCATALOG_COMPILER_APPICON_NAME = AppIcon;
				ASSETCATALOG_COMPILER_GLOBAL_ACCENT_COLOR_NAME = AccentColor;
				CODE_SIGN_STYLE = Automatic;
				DEVELOPMENT_TEAM = MW3338A45T;
				INFOPLIST_FILE = "Image Machine/Support/Info.plist";
				IPHONEOS_DEPLOYMENT_TARGET = 11.0;
				LD_RUNPATH_SEARCH_PATHS = (
					"$(inherited)",
					"@executable_path/Frameworks",
				);
				PRODUCT_BUNDLE_IDENTIFIER = "com.mauldyPutra.Image-Machine";
				PRODUCT_NAME = "$(TARGET_NAME)";
				SWIFT_VERSION = 5.0;
				TARGETED_DEVICE_FAMILY = "1,2";
			};
			name = Release;
		};
/* End XCBuildConfiguration section */

/* Begin XCConfigurationList section */
		8B4B073C26A90BBC0002964F /* Build configuration list for PBXProject "Image Machine" */ = {
			isa = XCConfigurationList;
			buildConfigurations = (
				8B4B075626A90BBD0002964F /* Debug */,
				8B4B075726A90BBD0002964F /* Release */,
			);
			defaultConfigurationIsVisible = 0;
			defaultConfigurationName = Release;
		};
		8B4B075826A90BBD0002964F /* Build configuration list for PBXNativeTarget "Image Machine" */ = {
			isa = XCConfigurationList;
			buildConfigurations = (
				8B4B075926A90BBD0002964F /* Debug */,
				8B4B075A26A90BBD0002964F /* Release */,
			);
			defaultConfigurationIsVisible = 0;
			defaultConfigurationName = Release;
		};
/* End XCConfigurationList section */

/* Begin XCVersionGroup section */
		8B4B074D26A90BBC0002964F /* Image_Machine.xcdatamodeld */ = {
			isa = XCVersionGroup;
			children = (
				8B4B074E26A90BBC0002964F /* Image_Machine.xcdatamodel */,
			);
			currentVersion = 8B4B074E26A90BBC0002964F /* Image_Machine.xcdatamodel */;
			path = Image_Machine.xcdatamodeld;
			sourceTree = "<group>";
			versionGroupType = wrapper.xcdatamodel;
		};
/* End XCVersionGroup section */
	};
	rootObject = 8B4B073926A90BBC0002964F /* Project object */;
}
